
Microsoft Visual Studio Solution File, Format Version 12.00
# Visual Studio 2012
Project("{FAE04EC0-301F-11D3-BF4B-00C04F79EFBC}") = "Элемент управления ProgressBar. Пример 1", "Элемент управления ProgressBar. Пример 1\Элемент управления ProgressBar. Пример 1.csproj", "{716324DE-03EB-4E29-9A15-5A000A58EDF0}"
EndProject
Global
	GlobalSection(SolutionConfigurationPlatforms) = preSolution
		Debug|Any CPU = Debug|Any CPU
		Release|Any CPU = Release|Any CPU
	EndGlobalSection
	GlobalSection(ProjectConfigurationPlatforms) = postSolution
		{716324DE-03EB-4E29-9A15-5A000A58EDF0}.Debug|Any CPU.ActiveCfg = Debug|Any CPU
		{716324DE-03EB-4E29-9A15-5A000A58EDF0}.Debug|Any CPU.Build.0 = Debug|Any CPU
		{716324DE-03EB-4E29-9A15-5A000A58EDF0}.Release|Any CPU.ActiveCfg = Release|Any CPU
		{716324DE-03EB-4E29-9A15-5A000A58EDF0}.Release|Any CPU.Build.0 = Release|Any CPU
	EndGlobalSection
	GlobalSection(SolutionProperties) = preSolution
		HideSolutionNode = FALSE
	EndGlobalSection
EndGlobal
