
Microsoft Visual Studio Solution File, Format Version 12.00
# Visual Studio 2012
Project("{FAE04EC0-301F-11D3-BF4B-00C04F79EFBC}") = "dish", "dish\dish.csproj", "{406A5F7C-F418-4EE5-9A2E-892712A07310}"
EndProject
Global
	GlobalSection(SolutionConfigurationPlatforms) = preSolution
		Debug|Any CPU = Debug|Any CPU
		Release|Any CPU = Release|Any CPU
	EndGlobalSection
	GlobalSection(ProjectConfigurationPlatforms) = postSolution
		{406A5F7C-F418-4EE5-9A2E-892712A07310}.Debug|Any CPU.ActiveCfg = Debug|Any CPU
		{406A5F7C-F418-4EE5-9A2E-892712A07310}.Debug|Any CPU.Build.0 = Debug|Any CPU
		{406A5F7C-F418-4EE5-9A2E-892712A07310}.Release|Any CPU.ActiveCfg = Release|Any CPU
		{406A5F7C-F418-4EE5-9A2E-892712A07310}.Release|Any CPU.Build.0 = Release|Any CPU
	EndGlobalSection
	GlobalSection(SolutionProperties) = preSolution
		HideSolutionNode = FALSE
	EndGlobalSection
EndGlobal
