
Microsoft Visual Studio Solution File, Format Version 12.00
# Visual Studio 2012
Project("{FAE04EC0-301F-11D3-BF4B-00C04F79EFBC}") = "Не отображать окно на панели задач", "Не отображать окно на панели задач\Не отображать окно на панели задач.csproj", "{700A3ECB-BF54-451C-AB7E-8FB5E03AAB38}"
EndProject
Global
	GlobalSection(SolutionConfigurationPlatforms) = preSolution
		Debug|Any CPU = Debug|Any CPU
		Release|Any CPU = Release|Any CPU
	EndGlobalSection
	GlobalSection(ProjectConfigurationPlatforms) = postSolution
		{700A3ECB-BF54-451C-AB7E-8FB5E03AAB38}.Debug|Any CPU.ActiveCfg = Debug|Any CPU
		{700A3ECB-BF54-451C-AB7E-8FB5E03AAB38}.Debug|Any CPU.Build.0 = Debug|Any CPU
		{700A3ECB-BF54-451C-AB7E-8FB5E03AAB38}.Release|Any CPU.ActiveCfg = Release|Any CPU
		{700A3ECB-BF54-451C-AB7E-8FB5E03AAB38}.Release|Any CPU.Build.0 = Release|Any CPU
	EndGlobalSection
	GlobalSection(SolutionProperties) = preSolution
		HideSolutionNode = FALSE
	EndGlobalSection
EndGlobal
