
Microsoft Visual Studio Solution File, Format Version 12.00
# Visual Studio 2013
VisualStudioVersion = 12.0.21005.1
MinimumVisualStudioVersion = 10.0.40219.1
Project("{FAE04EC0-301F-11D3-BF4B-00C04F79EFBC}") = "threads_mutex", "threads_mutex\threads_mutex.csproj", "{99CB9CD7-9328-4113-B133-192149D5FCCE}"
EndProject
Global
	GlobalSection(SolutionConfigurationPlatforms) = preSolution
		Debug|Any CPU = Debug|Any CPU
		Release|Any CPU = Release|Any CPU
	EndGlobalSection
	GlobalSection(ProjectConfigurationPlatforms) = postSolution
		{99CB9CD7-9328-4113-B133-192149D5FCCE}.Debug|Any CPU.ActiveCfg = Debug|Any CPU
		{99CB9CD7-9328-4113-B133-192149D5FCCE}.Debug|Any CPU.Build.0 = Debug|Any CPU
		{99CB9CD7-9328-4113-B133-192149D5FCCE}.Release|Any CPU.ActiveCfg = Release|Any CPU
		{99CB9CD7-9328-4113-B133-192149D5FCCE}.Release|Any CPU.Build.0 = Release|Any CPU
	EndGlobalSection
	GlobalSection(SolutionProperties) = preSolution
		HideSolutionNode = FALSE
	EndGlobalSection
EndGlobal
